PODS:
  - DropDown (2.3.13)
  - SwiftSpinner (2.1.0)
  - XMLParsing (0.0.3)

DEPENDENCIES:
  - DropDown
  - SwiftSpinner
  - XMLParsing (from `https://github.com/ShawnMoore/XMLParsing.git`)

SPEC REPOS:
  trunk:
    - DropDown
    - SwiftSpinner

EXTERNAL SOURCES:
  XMLParsing:
    :git: https://github.com/ShawnMoore/XMLParsing.git

CHECKOUT OPTIONS:
  XMLParsing:
    :commit: 594272e4df40798c53ae1735ee65f3f387291670
    :git: https://github.com/ShawnMoore/XMLParsing.git

SPEC CHECKSUMS:
  DropDown: 8a2116376c1981888557f72ec2ffc9a5e0e456ec
  SwiftSpinner: 0f15c006307f8d8bbac075638927ec1361b565d7
  XMLParsing: 085edb6fa22c71d6b53a79299f990a91e7414d19

PODFILE CHECKSUM: d0cade41cab9a4ff9bccf192c6a7ef8a0c84856e

COCOAPODS: 1.9.1
